// !$*UTF8*$!
{
	archiveVersion = 1;
	classes = {
	};
	objectVersion = 52;
	objects = {

/* Begin PBXBuildFile section */
		0844D0E029C9A8FD2F05CB8B /* Pods_Swap2_Swap2UITests.framework in Frameworks */ = {isa = PBXBuildFile; fileRef = D17730AB72D32449E4BDAE29 /* Pods_Swap2_Swap2UITests.framework */; };
		0E27FAD2255109F40044CC1D /* AddContact.swift in Sources */ = {isa = PBXBuildFile; fileRef = 0E27FAD1255109F40044CC1D /* AddContact.swift */; };
		0E4AAED22549138700A47DBB /* GenerateQRCode.swift in Sources */ = {isa = PBXBuildFile; fileRef = 0E4AAED12549138700A47DBB /* GenerateQRCode.swift */; };
		0E4AAED42549247E00A47DBB /* GetRequest.swift in Sources */ = {isa = PBXBuildFile; fileRef = 0E4AAED32549247E00A47DBB /* GetRequest.swift */; };
		0E82ECDB254CA6EB002844DB /* ActiveSocialsTableViewCell.swift in Sources */ = {isa = PBXBuildFile; fileRef = 0E82ECD9254CA6EB002844DB /* ActiveSocialsTableViewCell.swift */; };
		0E82ECDC254CA6EB002844DB /* ActiveSocialsTableViewCell.xib in Resources */ = {isa = PBXBuildFile; fileRef = 0E82ECDA254CA6EB002844DB /* ActiveSocialsTableViewCell.xib */; };
		72126212255F062A00036E51 /* DeleteAccount.swift in Sources */ = {isa = PBXBuildFile; fileRef = 72126211255F062A00036E51 /* DeleteAccount.swift */; };
		7245A8312545055800E532BE /* AccountTableViewCell.swift in Sources */ = {isa = PBXBuildFile; fileRef = 7245A8302545055800E532BE /* AccountTableViewCell.swift */; };
		725E2CBB25649CCA0057AD02 /* Github.swift in Sources */ = {isa = PBXBuildFile; fileRef = 725E2CBA25649CCA0057AD02 /* Github.swift */; };
		72AB1D55253B41C40099FD50 /* Home.storyboard in Resources */ = {isa = PBXBuildFile; fileRef = 72AB1D54253B41C40099FD50 /* Home.storyboard */; };
		72B2B1C22558929700D69A4D /* UserTableViewCell.swift in Sources */ = {isa = PBXBuildFile; fileRef = 72B2B1C02558929700D69A4D /* UserTableViewCell.swift */; };
		72B2B1C32558929700D69A4D /* UserTableViewCell.xib in Resources */ = {isa = PBXBuildFile; fileRef = 72B2B1C12558929700D69A4D /* UserTableViewCell.xib */; };
		72C477BA253BB598004EF8EA /* ScanViewController.swift in Sources */ = {isa = PBXBuildFile; fileRef = 72C477B9253BB598004EF8EA /* ScanViewController.swift */; };
		72C477C5253BCA19004EF8EA /* AccountViewController.swift in Sources */ = {isa = PBXBuildFile; fileRef = 72C477C4253BCA19004EF8EA /* AccountViewController.swift */; };
		72C477DE253BCFBA004EF8EA /* Montserrat-Light.ttf in Resources */ = {isa = PBXBuildFile; fileRef = 72C477CF253BCC9E004EF8EA /* Montserrat-Light.ttf */; };
		72C477E2253BCFBE004EF8EA /* PlayfairDisplay-Regular.ttf in Resources */ = {isa = PBXBuildFile; fileRef = 72C477CA253BCC03004EF8EA /* PlayfairDisplay-Regular.ttf */; };
		8232A460B128F8F1A8DBA767 /* Pods_Swap2.framework in Frameworks */ = {isa = PBXBuildFile; fileRef = 366FD6121B6D791E6D6881CB /* Pods_Swap2.framework */; };
		ED3729194D2669DAA3B9A7CE /* Pods_Swap2Tests.framework in Frameworks */ = {isa = PBXBuildFile; fileRef = 0EC24C01831B83F2937ED6DC /* Pods_Swap2Tests.framework */; };
		F7300A0C2537953B00E02B82 /* AppDelegate.swift in Sources */ = {isa = PBXBuildFile; fileRef = F7300A0B2537953B00E02B82 /* AppDelegate.swift */; };
		F7300A0E2537953B00E02B82 /* SceneDelegate.swift in Sources */ = {isa = PBXBuildFile; fileRef = F7300A0D2537953B00E02B82 /* SceneDelegate.swift */; };
		F7300A132537953B00E02B82 /* Main.storyboard in Resources */ = {isa = PBXBuildFile; fileRef = F7300A112537953B00E02B82 /* Main.storyboard */; };
		F7300A152537953D00E02B82 /* Assets.xcassets in Resources */ = {isa = PBXBuildFile; fileRef = F7300A142537953D00E02B82 /* Assets.xcassets */; };
		F7300A182537953D00E02B82 /* LaunchScreen.storyboard in Resources */ = {isa = PBXBuildFile; fileRef = F7300A162537953D00E02B82 /* LaunchScreen.storyboard */; };
		F7300A232537953E00E02B82 /* Swap2Tests.swift in Sources */ = {isa = PBXBuildFile; fileRef = F7300A222537953E00E02B82 /* Swap2Tests.swift */; };
		F7300A2E2537953E00E02B82 /* Swap2UITests.swift in Sources */ = {isa = PBXBuildFile; fileRef = F7300A2D2537953E00E02B82 /* Swap2UITests.swift */; };
		F7300A4F2537970100E02B82 /* SignUpViewController.swift in Sources */ = {isa = PBXBuildFile; fileRef = F7300A4E2537970100E02B82 /* SignUpViewController.swift */; };
		F7300A5425379BA300E02B82 /* LogInViewController.swift in Sources */ = {isa = PBXBuildFile; fileRef = F7300A5325379BA300E02B82 /* LogInViewController.swift */; };
		F7300A5E25379CC700E02B82 /* FirstViewController.swift in Sources */ = {isa = PBXBuildFile; fileRef = F7300A5D25379CC700E02B82 /* FirstViewController.swift */; };
		F7300A662537B0C800E02B82 /* Utilities.swift in Sources */ = {isa = PBXBuildFile; fileRef = F7300A652537B0C800E02B82 /* Utilities.swift */; };
		F7300A6F2537DD1600E02B82 /* GoogleService-Info.plist in Resources */ = {isa = PBXBuildFile; fileRef = F7300A6E2537DD1600E02B82 /* GoogleService-Info.plist */; };
		F77048F32537FE8C00EF3869 /* homePageViewController.swift in Sources */ = {isa = PBXBuildFile; fileRef = F77048F22537FE8C00EF3869 /* homePageViewController.swift */; };
		F77230812562447600140B93 /* ProfileViewController.swift in Sources */ = {isa = PBXBuildFile; fileRef = F77230802562447600140B93 /* ProfileViewController.swift */; };
		F7889065256A2D0300E5C349 /* Spotify.swift in Sources */ = {isa = PBXBuildFile; fileRef = F7889064256A2D0300E5C349 /* Spotify.swift */; };
		F788909C256B0EB300E5C349 /* PhoneNumberKit in Frameworks */ = {isa = PBXBuildFile; productRef = F788909B256B0EB300E5C349 /* PhoneNumberKit */; };
		F7914F5D2550929800F27514 /* GlobalVariables.swift in Sources */ = {isa = PBXBuildFile; fileRef = F7914F5C2550929800F27514 /* GlobalVariables.swift */; };
		F7DA97AC25513BE600C9A711 /* Onboarding.storyboard in Resources */ = {isa = PBXBuildFile; fileRef = F7DA97AB25513BE600C9A711 /* Onboarding.storyboard */; };
		F7DA97B025513C2F00C9A711 /* OnBoardingViewController.swift in Sources */ = {isa = PBXBuildFile; fileRef = F7DA97AF25513C2F00C9A711 /* OnBoardingViewController.swift */; };
		F7DA97B52551411700C9A711 /* welcomeAnim.json in Resources */ = {isa = PBXBuildFile; fileRef = F7DA97B32551411600C9A711 /* welcomeAnim.json */; };
		F7DA97B62551411700C9A711 /* scanAnim.json in Resources */ = {isa = PBXBuildFile; fileRef = F7DA97B42551411700C9A711 /* scanAnim.json */; };
		F7DA97B825514B3C00C9A711 /* qr.json in Resources */ = {isa = PBXBuildFile; fileRef = F7DA97B725514B3C00C9A711 /* qr.json */; };
/* End PBXBuildFile section */

/* Begin PBXContainerItemProxy section */
		F7300A1F2537953E00E02B82 /* PBXContainerItemProxy */ = {
			isa = PBXContainerItemProxy;
			containerPortal = F7300A002537953B00E02B82 /* Project object */;
			proxyType = 1;
			remoteGlobalIDString = F7300A072537953B00E02B82;
			remoteInfo = Swap2;
		};
		F7300A2A2537953E00E02B82 /* PBXContainerItemProxy */ = {
			isa = PBXContainerItemProxy;
			containerPortal = F7300A002537953B00E02B82 /* Project object */;
			proxyType = 1;
			remoteGlobalIDString = F7300A072537953B00E02B82;
			remoteInfo = Swap2;
		};
/* End PBXContainerItemProxy section */

/* Begin PBXFileReference section */
		013495A5249833B85CB34752 /* Pods-Swap2Tests.release.xcconfig */ = {isa = PBXFileReference; includeInIndex = 1; lastKnownFileType = text.xcconfig; name = "Pods-Swap2Tests.release.xcconfig"; path = "Target Support Files/Pods-Swap2Tests/Pods-Swap2Tests.release.xcconfig"; sourceTree = "<group>"; };
		0E27FAD1255109F40044CC1D /* AddContact.swift */ = {isa = PBXFileReference; lastKnownFileType = sourcecode.swift; path = AddContact.swift; sourceTree = "<group>"; };
		0E4AAED12549138700A47DBB /* GenerateQRCode.swift */ = {isa = PBXFileReference; lastKnownFileType = sourcecode.swift; path = GenerateQRCode.swift; sourceTree = "<group>"; };
		0E4AAED32549247E00A47DBB /* GetRequest.swift */ = {isa = PBXFileReference; lastKnownFileType = sourcecode.swift; path = GetRequest.swift; sourceTree = "<group>"; };
		0E82ECD9254CA6EB002844DB /* ActiveSocialsTableViewCell.swift */ = {isa = PBXFileReference; lastKnownFileType = sourcecode.swift; path = ActiveSocialsTableViewCell.swift; sourceTree = "<group>"; };
		0E82ECDA254CA6EB002844DB /* ActiveSocialsTableViewCell.xib */ = {isa = PBXFileReference; lastKnownFileType = file.xib; path = ActiveSocialsTableViewCell.xib; sourceTree = "<group>"; };
		0EC24C01831B83F2937ED6DC /* Pods_Swap2Tests.framework */ = {isa = PBXFileReference; explicitFileType = wrapper.framework; includeInIndex = 0; path = Pods_Swap2Tests.framework; sourceTree = BUILT_PRODUCTS_DIR; };
		1C00C5660C4785CBFBE869F4 /* Pods-Swap2-Swap2UITests.debug.xcconfig */ = {isa = PBXFileReference; includeInIndex = 1; lastKnownFileType = text.xcconfig; name = "Pods-Swap2-Swap2UITests.debug.xcconfig"; path = "Target Support Files/Pods-Swap2-Swap2UITests/Pods-Swap2-Swap2UITests.debug.xcconfig"; sourceTree = "<group>"; };
		366FD6121B6D791E6D6881CB /* Pods_Swap2.framework */ = {isa = PBXFileReference; explicitFileType = wrapper.framework; includeInIndex = 0; path = Pods_Swap2.framework; sourceTree = BUILT_PRODUCTS_DIR; };
		45630617EB8A4E30A966190A /* Pods-Swap2Tests.debug.xcconfig */ = {isa = PBXFileReference; includeInIndex = 1; lastKnownFileType = text.xcconfig; name = "Pods-Swap2Tests.debug.xcconfig"; path = "Target Support Files/Pods-Swap2Tests/Pods-Swap2Tests.debug.xcconfig"; sourceTree = "<group>"; };
		72126211255F062A00036E51 /* DeleteAccount.swift */ = {isa = PBXFileReference; lastKnownFileType = sourcecode.swift; path = DeleteAccount.swift; sourceTree = "<group>"; };
		7245A8302545055800E532BE /* AccountTableViewCell.swift */ = {isa = PBXFileReference; lastKnownFileType = sourcecode.swift; path = AccountTableViewCell.swift; sourceTree = "<group>"; };
		725E2CBA25649CCA0057AD02 /* Github.swift */ = {isa = PBXFileReference; lastKnownFileType = sourcecode.swift; path = Github.swift; sourceTree = "<group>"; };
		72AB1D54253B41C40099FD50 /* Home.storyboard */ = {isa = PBXFileReference; lastKnownFileType = file.storyboard; path = Home.storyboard; sourceTree = "<group>"; };
		72B2B1C02558929700D69A4D /* UserTableViewCell.swift */ = {isa = PBXFileReference; lastKnownFileType = sourcecode.swift; path = UserTableViewCell.swift; sourceTree = "<group>"; };
		72B2B1C12558929700D69A4D /* UserTableViewCell.xib */ = {isa = PBXFileReference; lastKnownFileType = file.xib; path = UserTableViewCell.xib; sourceTree = "<group>"; };
		72C477B9253BB598004EF8EA /* ScanViewController.swift */ = {isa = PBXFileReference; lastKnownFileType = sourcecode.swift; path = ScanViewController.swift; sourceTree = "<group>"; };
		72C477C4253BCA19004EF8EA /* AccountViewController.swift */ = {isa = PBXFileReference; lastKnownFileType = sourcecode.swift; path = AccountViewController.swift; sourceTree = "<group>"; };
		72C477CA253BCC03004EF8EA /* PlayfairDisplay-Regular.ttf */ = {isa = PBXFileReference; lastKnownFileType = file; path = "PlayfairDisplay-Regular.ttf"; sourceTree = "<group>"; };
		72C477CF253BCC9E004EF8EA /* Montserrat-Light.ttf */ = {isa = PBXFileReference; lastKnownFileType = file; path = "Montserrat-Light.ttf"; sourceTree = "<group>"; };
		86343666D12D2E2639DC5A00 /* Pods-Swap2.release.xcconfig */ = {isa = PBXFileReference; includeInIndex = 1; lastKnownFileType = text.xcconfig; name = "Pods-Swap2.release.xcconfig"; path = "Target Support Files/Pods-Swap2/Pods-Swap2.release.xcconfig"; sourceTree = "<group>"; };
		D17730AB72D32449E4BDAE29 /* Pods_Swap2_Swap2UITests.framework */ = {isa = PBXFileReference; explicitFileType = wrapper.framework; includeInIndex = 0; path = Pods_Swap2_Swap2UITests.framework; sourceTree = BUILT_PRODUCTS_DIR; };
		DFE48CBC5A65AE25A209EA5F /* Pods-Swap2-Swap2UITests.release.xcconfig */ = {isa = PBXFileReference; includeInIndex = 1; lastKnownFileType = text.xcconfig; name = "Pods-Swap2-Swap2UITests.release.xcconfig"; path = "Target Support Files/Pods-Swap2-Swap2UITests/Pods-Swap2-Swap2UITests.release.xcconfig"; sourceTree = "<group>"; };
		F7300A082537953B00E02B82 /* Swap2.app */ = {isa = PBXFileReference; explicitFileType = wrapper.application; includeInIndex = 0; path = Swap2.app; sourceTree = BUILT_PRODUCTS_DIR; };
		F7300A0B2537953B00E02B82 /* AppDelegate.swift */ = {isa = PBXFileReference; lastKnownFileType = sourcecode.swift; path = AppDelegate.swift; sourceTree = "<group>"; };
		F7300A0D2537953B00E02B82 /* SceneDelegate.swift */ = {isa = PBXFileReference; lastKnownFileType = sourcecode.swift; path = SceneDelegate.swift; sourceTree = "<group>"; };
		F7300A122537953B00E02B82 /* Base */ = {isa = PBXFileReference; lastKnownFileType = file.storyboard; name = Base; path = Base.lproj/Main.storyboard; sourceTree = "<group>"; };
		F7300A142537953D00E02B82 /* Assets.xcassets */ = {isa = PBXFileReference; lastKnownFileType = folder.assetcatalog; path = Assets.xcassets; sourceTree = "<group>"; };
		F7300A172537953D00E02B82 /* Base */ = {isa = PBXFileReference; lastKnownFileType = file.storyboard; name = Base; path = Base.lproj/LaunchScreen.storyboard; sourceTree = "<group>"; };
		F7300A192537953D00E02B82 /* Info.plist */ = {isa = PBXFileReference; lastKnownFileType = text.plist.xml; path = Info.plist; sourceTree = "<group>"; };
		F7300A1E2537953E00E02B82 /* Swap2Tests.xctest */ = {isa = PBXFileReference; explicitFileType = wrapper.cfbundle; includeInIndex = 0; path = Swap2Tests.xctest; sourceTree = BUILT_PRODUCTS_DIR; };
		F7300A222537953E00E02B82 /* Swap2Tests.swift */ = {isa = PBXFileReference; lastKnownFileType = sourcecode.swift; path = Swap2Tests.swift; sourceTree = "<group>"; };
		F7300A242537953E00E02B82 /* Info.plist */ = {isa = PBXFileReference; lastKnownFileType = text.plist.xml; path = Info.plist; sourceTree = "<group>"; };
		F7300A292537953E00E02B82 /* Swap2UITests.xctest */ = {isa = PBXFileReference; explicitFileType = wrapper.cfbundle; includeInIndex = 0; path = Swap2UITests.xctest; sourceTree = BUILT_PRODUCTS_DIR; };
		F7300A2D2537953E00E02B82 /* Swap2UITests.swift */ = {isa = PBXFileReference; lastKnownFileType = sourcecode.swift; path = Swap2UITests.swift; sourceTree = "<group>"; };
		F7300A2F2537953E00E02B82 /* Info.plist */ = {isa = PBXFileReference; lastKnownFileType = text.plist.xml; path = Info.plist; sourceTree = "<group>"; };
		F7300A4E2537970100E02B82 /* SignUpViewController.swift */ = {isa = PBXFileReference; lastKnownFileType = sourcecode.swift; path = SignUpViewController.swift; sourceTree = "<group>"; };
		F7300A5325379BA300E02B82 /* LogInViewController.swift */ = {isa = PBXFileReference; lastKnownFileType = sourcecode.swift; path = LogInViewController.swift; sourceTree = "<group>"; };
		F7300A5D25379CC700E02B82 /* FirstViewController.swift */ = {isa = PBXFileReference; lastKnownFileType = sourcecode.swift; path = FirstViewController.swift; sourceTree = "<group>"; };
		F7300A652537B0C800E02B82 /* Utilities.swift */ = {isa = PBXFileReference; fileEncoding = 4; lastKnownFileType = sourcecode.swift; path = Utilities.swift; sourceTree = "<group>"; };
		F7300A6E2537DD1600E02B82 /* GoogleService-Info.plist */ = {isa = PBXFileReference; fileEncoding = 4; lastKnownFileType = text.plist.xml; path = "GoogleService-Info.plist"; sourceTree = "<group>"; };
		F77048F22537FE8C00EF3869 /* homePageViewController.swift */ = {isa = PBXFileReference; lastKnownFileType = sourcecode.swift; name = homePageViewController.swift; path = Swap2/ViewControllers/homePageViewController.swift; sourceTree = SOURCE_ROOT; };
		F77230802562447600140B93 /* ProfileViewController.swift */ = {isa = PBXFileReference; lastKnownFileType = sourcecode.swift; name = ProfileViewController.swift; path = Swap2/Storyboards/ProfileViewController.swift; sourceTree = SOURCE_ROOT; };
		F7889064256A2D0300E5C349 /* Spotify.swift */ = {isa = PBXFileReference; lastKnownFileType = sourcecode.swift; path = Spotify.swift; sourceTree = "<group>"; };
		F7914F5C2550929800F27514 /* GlobalVariables.swift */ = {isa = PBXFileReference; lastKnownFileType = sourcecode.swift; path = GlobalVariables.swift; sourceTree = "<group>"; };
		F7DA97AB25513BE600C9A711 /* Onboarding.storyboard */ = {isa = PBXFileReference; fileEncoding = 4; lastKnownFileType = file.storyboard; path = Onboarding.storyboard; sourceTree = "<group>"; };
		F7DA97AF25513C2F00C9A711 /* OnBoardingViewController.swift */ = {isa = PBXFileReference; fileEncoding = 4; lastKnownFileType = sourcecode.swift; path = OnBoardingViewController.swift; sourceTree = "<group>"; };
		F7DA97B32551411600C9A711 /* welcomeAnim.json */ = {isa = PBXFileReference; fileEncoding = 4; lastKnownFileType = text.json; path = welcomeAnim.json; sourceTree = "<group>"; };
		F7DA97B42551411700C9A711 /* scanAnim.json */ = {isa = PBXFileReference; fileEncoding = 4; lastKnownFileType = text.json; path = scanAnim.json; sourceTree = "<group>"; };
		F7DA97B725514B3C00C9A711 /* qr.json */ = {isa = PBXFileReference; fileEncoding = 4; lastKnownFileType = text.json; path = qr.json; sourceTree = "<group>"; };
		FA53A7381D430C01F941707A /* Pods-Swap2.debug.xcconfig */ = {isa = PBXFileReference; includeInIndex = 1; lastKnownFileType = text.xcconfig; name = "Pods-Swap2.debug.xcconfig"; path = "Target Support Files/Pods-Swap2/Pods-Swap2.debug.xcconfig"; sourceTree = "<group>"; };
/* End PBXFileReference section */

/* Begin PBXFrameworksBuildPhase section */
		F7300A052537953B00E02B82 /* Frameworks */ = {
			isa = PBXFrameworksBuildPhase;
			buildActionMask = 2147483647;
			files = (
				8232A460B128F8F1A8DBA767 /* Pods_Swap2.framework in Frameworks */,
				F788909C256B0EB300E5C349 /* PhoneNumberKit in Frameworks */,
			);
			runOnlyForDeploymentPostprocessing = 0;
		};
		F7300A1B2537953E00E02B82 /* Frameworks */ = {
			isa = PBXFrameworksBuildPhase;
			buildActionMask = 2147483647;
			files = (
				ED3729194D2669DAA3B9A7CE /* Pods_Swap2Tests.framework in Frameworks */,
			);
			runOnlyForDeploymentPostprocessing = 0;
		};
		F7300A262537953E00E02B82 /* Frameworks */ = {
			isa = PBXFrameworksBuildPhase;
			buildActionMask = 2147483647;
			files = (
				0844D0E029C9A8FD2F05CB8B /* Pods_Swap2_Swap2UITests.framework in Frameworks */,
			);
			runOnlyForDeploymentPostprocessing = 0;
		};
/* End PBXFrameworksBuildPhase section */

/* Begin PBXGroup section */
		72C477C9253BCB8A004EF8EA /* fonts */ = {
			isa = PBXGroup;
			children = (
				72C477CF253BCC9E004EF8EA /* Montserrat-Light.ttf */,
				72C477CA253BCC03004EF8EA /* PlayfairDisplay-Regular.ttf */,
			);
			path = fonts;
			sourceTree = "<group>";
		};
		A96E3C06FB56D559FA200F54 /* Pods */ = {
			isa = PBXGroup;
			children = (
				FA53A7381D430C01F941707A /* Pods-Swap2.debug.xcconfig */,
				86343666D12D2E2639DC5A00 /* Pods-Swap2.release.xcconfig */,
				1C00C5660C4785CBFBE869F4 /* Pods-Swap2-Swap2UITests.debug.xcconfig */,
				DFE48CBC5A65AE25A209EA5F /* Pods-Swap2-Swap2UITests.release.xcconfig */,
				45630617EB8A4E30A966190A /* Pods-Swap2Tests.debug.xcconfig */,
				013495A5249833B85CB34752 /* Pods-Swap2Tests.release.xcconfig */,
			);
			path = Pods;
			sourceTree = "<group>";
		};
		E71FC03E712938F6BF450467 /* Frameworks */ = {
			isa = PBXGroup;
			children = (
				366FD6121B6D791E6D6881CB /* Pods_Swap2.framework */,
				D17730AB72D32449E4BDAE29 /* Pods_Swap2_Swap2UITests.framework */,
				0EC24C01831B83F2937ED6DC /* Pods_Swap2Tests.framework */,
			);
			name = Frameworks;
			sourceTree = "<group>";
		};
		F73009FF2537953B00E02B82 = {
			isa = PBXGroup;
			children = (
				F7DA97B2255140F400C9A711 /* Assetss */,
				72C477C9253BCB8A004EF8EA /* fonts */,
				F7300A0A2537953B00E02B82 /* Swap2 */,
				F7300A212537953E00E02B82 /* Swap2Tests */,
				F7300A2C2537953E00E02B82 /* Swap2UITests */,
				F7300A092537953B00E02B82 /* Products */,
				A96E3C06FB56D559FA200F54 /* Pods */,
				E71FC03E712938F6BF450467 /* Frameworks */,
			);
			sourceTree = "<group>";
		};
		F7300A092537953B00E02B82 /* Products */ = {
			isa = PBXGroup;
			children = (
				F7300A082537953B00E02B82 /* Swap2.app */,
				F7300A1E2537953E00E02B82 /* Swap2Tests.xctest */,
				F7300A292537953E00E02B82 /* Swap2UITests.xctest */,
			);
			name = Products;
			sourceTree = "<group>";
		};
		F7300A0A2537953B00E02B82 /* Swap2 */ = {
			isa = PBXGroup;
			children = (
				F7300A0B2537953B00E02B82 /* AppDelegate.swift */,
				F7300A0D2537953B00E02B82 /* SceneDelegate.swift */,
				F7914F5C2550929800F27514 /* GlobalVariables.swift */,
				F7300A6A2537B0D200E02B82 /* Helpers */,
				F7300A5825379C7000E02B82 /* ViewControllers */,
				F7300A5925379C9600E02B82 /* Storyboards */,
				F7300A142537953D00E02B82 /* Assets.xcassets */,
				F7300A192537953D00E02B82 /* Info.plist */,
				F7300A6E2537DD1600E02B82 /* GoogleService-Info.plist */,
			);
			path = Swap2;
			sourceTree = "<group>";
		};
		F7300A212537953E00E02B82 /* Swap2Tests */ = {
			isa = PBXGroup;
			children = (
				F7300A222537953E00E02B82 /* Swap2Tests.swift */,
				F7300A242537953E00E02B82 /* Info.plist */,
			);
			path = Swap2Tests;
			sourceTree = "<group>";
		};
		F7300A2C2537953E00E02B82 /* Swap2UITests */ = {
			isa = PBXGroup;
			children = (
				F7300A2D2537953E00E02B82 /* Swap2UITests.swift */,
				F7300A2F2537953E00E02B82 /* Info.plist */,
			);
			path = Swap2UITests;
			sourceTree = "<group>";
		};
		F7300A5825379C7000E02B82 /* ViewControllers */ = {
			isa = PBXGroup;
			children = (
				F77230802562447600140B93 /* ProfileViewController.swift */,
				F7DA97AF25513C2F00C9A711 /* OnBoardingViewController.swift */,
				F7300A5D25379CC700E02B82 /* FirstViewController.swift */,
				F7300A5325379BA300E02B82 /* LogInViewController.swift */,
				F7300A4E2537970100E02B82 /* SignUpViewController.swift */,
				F77048F22537FE8C00EF3869 /* homePageViewController.swift */,
				72C477B9253BB598004EF8EA /* ScanViewController.swift */,
				72C477C4253BCA19004EF8EA /* AccountViewController.swift */,
			);
			path = ViewControllers;
			sourceTree = "<group>";
		};
		F7300A5925379C9600E02B82 /* Storyboards */ = {
			isa = PBXGroup;
			children = (
				F7DA97AB25513BE600C9A711 /* Onboarding.storyboard */,
				F7300A162537953D00E02B82 /* LaunchScreen.storyboard */,
				F7300A112537953B00E02B82 /* Main.storyboard */,
				72AB1D54253B41C40099FD50 /* Home.storyboard */,
			);
			path = Storyboards;
			sourceTree = "<group>";
		};
		F7300A6A2537B0D200E02B82 /* Helpers */ = {
			isa = PBXGroup;
			children = (
				0E27FAD1255109F40044CC1D /* AddContact.swift */,
				0E4AAED12549138700A47DBB /* GenerateQRCode.swift */,
				725E2CBA25649CCA0057AD02 /* Github.swift */,
				F7889064256A2D0300E5C349 /* Spotify.swift */,
				72126211255F062A00036E51 /* DeleteAccount.swift */,
				0E4AAED32549247E00A47DBB /* GetRequest.swift */,
				F7300A652537B0C800E02B82 /* Utilities.swift */,
				0E82ECD9254CA6EB002844DB /* ActiveSocialsTableViewCell.swift */,
				0E82ECDA254CA6EB002844DB /* ActiveSocialsTableViewCell.xib */,
				7245A8302545055800E532BE /* AccountTableViewCell.swift */,
				72B2B1C02558929700D69A4D /* UserTableViewCell.swift */,
				72B2B1C12558929700D69A4D /* UserTableViewCell.xib */,
			);
			path = Helpers;
			sourceTree = "<group>";
		};
		F7DA97B2255140F400C9A711 /* Assetss */ = {
			isa = PBXGroup;
			children = (
				F7DA97B725514B3C00C9A711 /* qr.json */,
				F7DA97B42551411700C9A711 /* scanAnim.json */,
				F7DA97B32551411600C9A711 /* welcomeAnim.json */,
			);
			path = Assetss;
			sourceTree = "<group>";
		};
/* End PBXGroup section */

/* Begin PBXNativeTarget section */
		F7300A072537953B00E02B82 /* Swap2 */ = {
			isa = PBXNativeTarget;
			buildConfigurationList = F7300A322537953E00E02B82 /* Build configuration list for PBXNativeTarget "Swap2" */;
			buildPhases = (
				009376E30FFFA56CBAD8282A /* [CP] Check Pods Manifest.lock */,
				F7300A042537953B00E02B82 /* Sources */,
				F7300A052537953B00E02B82 /* Frameworks */,
				F7300A062537953B00E02B82 /* Resources */,
				849E74CE5A378F73A2BB5122 /* [CP] Embed Pods Frameworks */,
				7032ADC511CC1BC0B1D44554 /* [CP] Copy Pods Resources */,
			);
			buildRules = (
			);
			dependencies = (
			);
			name = Swap2;
			packageProductDependencies = (
				F788909B256B0EB300E5C349 /* PhoneNumberKit */,
			);
			productName = Swap2;
			productReference = F7300A082537953B00E02B82 /* Swap2.app */;
			productType = "com.apple.product-type.application";
		};
		F7300A1D2537953E00E02B82 /* Swap2Tests */ = {
			isa = PBXNativeTarget;
			buildConfigurationList = F7300A352537953E00E02B82 /* Build configuration list for PBXNativeTarget "Swap2Tests" */;
			buildPhases = (
				FC49DA8BB0D8075F6301315E /* [CP] Check Pods Manifest.lock */,
				F7300A1A2537953E00E02B82 /* Sources */,
				F7300A1B2537953E00E02B82 /* Frameworks */,
				F7300A1C2537953E00E02B82 /* Resources */,
			);
			buildRules = (
			);
			dependencies = (
				F7300A202537953E00E02B82 /* PBXTargetDependency */,
			);
			name = Swap2Tests;
			productName = Swap2Tests;
			productReference = F7300A1E2537953E00E02B82 /* Swap2Tests.xctest */;
			productType = "com.apple.product-type.bundle.unit-test";
		};
		F7300A282537953E00E02B82 /* Swap2UITests */ = {
			isa = PBXNativeTarget;
			buildConfigurationList = F7300A382537953E00E02B82 /* Build configuration list for PBXNativeTarget "Swap2UITests" */;
			buildPhases = (
				B43B151540EF76966F4CA8CB /* [CP] Check Pods Manifest.lock */,
				F7300A252537953E00E02B82 /* Sources */,
				F7300A262537953E00E02B82 /* Frameworks */,
				F7300A272537953E00E02B82 /* Resources */,
				87C1BDE0B2766AE252EEE45F /* [CP] Embed Pods Frameworks */,
				2FDFDE094A76591ADFACB80D /* [CP] Copy Pods Resources */,
			);
			buildRules = (
			);
			dependencies = (
				F7300A2B2537953E00E02B82 /* PBXTargetDependency */,
			);
			name = Swap2UITests;
			productName = Swap2UITests;
			productReference = F7300A292537953E00E02B82 /* Swap2UITests.xctest */;
			productType = "com.apple.product-type.bundle.ui-testing";
		};
/* End PBXNativeTarget section */

/* Begin PBXProject section */
		F7300A002537953B00E02B82 /* Project object */ = {
			isa = PBXProject;
			attributes = {
				LastSwiftUpdateCheck = 1220;
				LastUpgradeCheck = 1220;
				TargetAttributes = {
					F7300A072537953B00E02B82 = {
						CreatedOnToolsVersion = 12.2;
					};
					F7300A1D2537953E00E02B82 = {
						CreatedOnToolsVersion = 12.2;
						TestTargetID = F7300A072537953B00E02B82;
					};
					F7300A282537953E00E02B82 = {
						CreatedOnToolsVersion = 12.2;
						TestTargetID = F7300A072537953B00E02B82;
					};
				};
			};
			buildConfigurationList = F7300A032537953B00E02B82 /* Build configuration list for PBXProject "Swap2" */;
			compatibilityVersion = "Xcode 9.3";
			developmentRegion = en;
			hasScannedForEncodings = 0;
			knownRegions = (
				en,
				Base,
			);
			mainGroup = F73009FF2537953B00E02B82;
			packageReferences = (
				F788909A256B0EB300E5C349 /* XCRemoteSwiftPackageReference "PhoneNumberKit" */,
			);
			productRefGroup = F7300A092537953B00E02B82 /* Products */;
			projectDirPath = "";
			projectRoot = "";
			targets = (
				F7300A072537953B00E02B82 /* Swap2 */,
				F7300A1D2537953E00E02B82 /* Swap2Tests */,
				F7300A282537953E00E02B82 /* Swap2UITests */,
			);
		};
/* End PBXProject section */

/* Begin PBXResourcesBuildPhase section */
		F7300A062537953B00E02B82 /* Resources */ = {
			isa = PBXResourcesBuildPhase;
			buildActionMask = 2147483647;
			files = (
				72C477E2253BCFBE004EF8EA /* PlayfairDisplay-Regular.ttf in Resources */,
				F7DA97B825514B3C00C9A711 /* qr.json in Resources */,
				F7DA97AC25513BE600C9A711 /* Onboarding.storyboard in Resources */,
				72C477DE253BCFBA004EF8EA /* Montserrat-Light.ttf in Resources */,
				F7300A182537953D00E02B82 /* LaunchScreen.storyboard in Resources */,
				F7DA97B52551411700C9A711 /* welcomeAnim.json in Resources */,
				72AB1D55253B41C40099FD50 /* Home.storyboard in Resources */,
				F7300A6F2537DD1600E02B82 /* GoogleService-Info.plist in Resources */,
				0E82ECDC254CA6EB002844DB /* ActiveSocialsTableViewCell.xib in Resources */,
				72B2B1C32558929700D69A4D /* UserTableViewCell.xib in Resources */,
				F7DA97B62551411700C9A711 /* scanAnim.json in Resources */,
				F7300A152537953D00E02B82 /* Assets.xcassets in Resources */,
				F7300A132537953B00E02B82 /* Main.storyboard in Resources */,
			);
			runOnlyForDeploymentPostprocessing = 0;
		};
		F7300A1C2537953E00E02B82 /* Resources */ = {
			isa = PBXResourcesBuildPhase;
			buildActionMask = 2147483647;
			files = (
			);
			runOnlyForDeploymentPostprocessing = 0;
		};
		F7300A272537953E00E02B82 /* Resources */ = {
			isa = PBXResourcesBuildPhase;
			buildActionMask = 2147483647;
			files = (
			);
			runOnlyForDeploymentPostprocessing = 0;
		};
/* End PBXResourcesBuildPhase section */

/* Begin PBXShellScriptBuildPhase section */
		009376E30FFFA56CBAD8282A /* [CP] Check Pods Manifest.lock */ = {
			isa = PBXShellScriptBuildPhase;
			buildActionMask = 2147483647;
			files = (
			);
			inputFileListPaths = (
			);
			inputPaths = (
				"${PODS_PODFILE_DIR_PATH}/Podfile.lock",
				"${PODS_ROOT}/Manifest.lock",
			);
			name = "[CP] Check Pods Manifest.lock";
			outputFileListPaths = (
			);
			outputPaths = (
				"$(DERIVED_FILE_DIR)/Pods-Swap2-checkManifestLockResult.txt",
			);
			runOnlyForDeploymentPostprocessing = 0;
			shellPath = /bin/sh;
			shellScript = "diff \"${PODS_PODFILE_DIR_PATH}/Podfile.lock\" \"${PODS_ROOT}/Manifest.lock\" > /dev/null\nif [ $? != 0 ] ; then\n    # print error to STDERR\n    echo \"error: The sandbox is not in sync with the Podfile.lock. Run 'pod install' or update your CocoaPods installation.\" >&2\n    exit 1\nfi\n# This output is used by Xcode 'outputs' to avoid re-running this script phase.\necho \"SUCCESS\" > \"${SCRIPT_OUTPUT_FILE_0}\"\n";
			showEnvVarsInLog = 0;
		};
		2FDFDE094A76591ADFACB80D /* [CP] Copy Pods Resources */ = {
			isa = PBXShellScriptBuildPhase;
			buildActionMask = 2147483647;
			files = (
			);
			inputFileListPaths = (
				"${PODS_ROOT}/Target Support Files/Pods-Swap2-Swap2UITests/Pods-Swap2-Swap2UITests-resources-${CONFIGURATION}-input-files.xcfilelist",
			);
			name = "[CP] Copy Pods Resources";
			outputFileListPaths = (
				"${PODS_ROOT}/Target Support Files/Pods-Swap2-Swap2UITests/Pods-Swap2-Swap2UITests-resources-${CONFIGURATION}-output-files.xcfilelist",
			);
			runOnlyForDeploymentPostprocessing = 0;
			shellPath = /bin/sh;
			shellScript = "\"${PODS_ROOT}/Target Support Files/Pods-Swap2-Swap2UITests/Pods-Swap2-Swap2UITests-resources.sh\"\n";
			showEnvVarsInLog = 0;
		};
		7032ADC511CC1BC0B1D44554 /* [CP] Copy Pods Resources */ = {
			isa = PBXShellScriptBuildPhase;
			buildActionMask = 2147483647;
			files = (
			);
			inputFileListPaths = (
				"${PODS_ROOT}/Target Support Files/Pods-Swap2/Pods-Swap2-resources-${CONFIGURATION}-input-files.xcfilelist",
			);
			name = "[CP] Copy Pods Resources";
			outputFileListPaths = (
				"${PODS_ROOT}/Target Support Files/Pods-Swap2/Pods-Swap2-resources-${CONFIGURATION}-output-files.xcfilelist",
			);
			runOnlyForDeploymentPostprocessing = 0;
			shellPath = /bin/sh;
			shellScript = "\"${PODS_ROOT}/Target Support Files/Pods-Swap2/Pods-Swap2-resources.sh\"\n";
			showEnvVarsInLog = 0;
		};
		849E74CE5A378F73A2BB5122 /* [CP] Embed Pods Frameworks */ = {
			isa = PBXShellScriptBuildPhase;
			buildActionMask = 2147483647;
			files = (
			);
			inputFileListPaths = (
				"${PODS_ROOT}/Target Support Files/Pods-Swap2/Pods-Swap2-frameworks-${CONFIGURATION}-input-files.xcfilelist",
			);
			name = "[CP] Embed Pods Frameworks";
			outputFileListPaths = (
				"${PODS_ROOT}/Target Support Files/Pods-Swap2/Pods-Swap2-frameworks-${CONFIGURATION}-output-files.xcfilelist",
			);
			runOnlyForDeploymentPostprocessing = 0;
			shellPath = /bin/sh;
			shellScript = "\"${PODS_ROOT}/Target Support Files/Pods-Swap2/Pods-Swap2-frameworks.sh\"\n";
			showEnvVarsInLog = 0;
		};
		87C1BDE0B2766AE252EEE45F /* [CP] Embed Pods Frameworks */ = {
			isa = PBXShellScriptBuildPhase;
			buildActionMask = 2147483647;
			files = (
			);
			inputFileListPaths = (
				"${PODS_ROOT}/Target Support Files/Pods-Swap2-Swap2UITests/Pods-Swap2-Swap2UITests-frameworks-${CONFIGURATION}-input-files.xcfilelist",
			);
			name = "[CP] Embed Pods Frameworks";
			outputFileListPaths = (
				"${PODS_ROOT}/Target Support Files/Pods-Swap2-Swap2UITests/Pods-Swap2-Swap2UITests-frameworks-${CONFIGURATION}-output-files.xcfilelist",
			);
			runOnlyForDeploymentPostprocessing = 0;
			shellPath = /bin/sh;
			shellScript = "\"${PODS_ROOT}/Target Support Files/Pods-Swap2-Swap2UITests/Pods-Swap2-Swap2UITests-frameworks.sh\"\n";
			showEnvVarsInLog = 0;
		};
		B43B151540EF76966F4CA8CB /* [CP] Check Pods Manifest.lock */ = {
			isa = PBXShellScriptBuildPhase;
			buildActionMask = 2147483647;
			files = (
			);
			inputFileListPaths = (
			);
			inputPaths = (
				"${PODS_PODFILE_DIR_PATH}/Podfile.lock",
				"${PODS_ROOT}/Manifest.lock",
			);
			name = "[CP] Check Pods Manifest.lock";
			outputFileListPaths = (
			);
			outputPaths = (
				"$(DERIVED_FILE_DIR)/Pods-Swap2-Swap2UITests-checkManifestLockResult.txt",
			);
			runOnlyForDeploymentPostprocessing = 0;
			shellPath = /bin/sh;
			shellScript = "diff \"${PODS_PODFILE_DIR_PATH}/Podfile.lock\" \"${PODS_ROOT}/Manifest.lock\" > /dev/null\nif [ $? != 0 ] ; then\n    # print error to STDERR\n    echo \"error: The sandbox is not in sync with the Podfile.lock. Run 'pod install' or update your CocoaPods installation.\" >&2\n    exit 1\nfi\n# This output is used by Xcode 'outputs' to avoid re-running this script phase.\necho \"SUCCESS\" > \"${SCRIPT_OUTPUT_FILE_0}\"\n";
			showEnvVarsInLog = 0;
		};
		FC49DA8BB0D8075F6301315E /* [CP] Check Pods Manifest.lock */ = {
			isa = PBXShellScriptBuildPhase;
			buildActionMask = 2147483647;
			files = (
			);
			inputFileListPaths = (
			);
			inputPaths = (
				"${PODS_PODFILE_DIR_PATH}/Podfile.lock",
				"${PODS_ROOT}/Manifest.lock",
			);
			name = "[CP] Check Pods Manifest.lock";
			outputFileListPaths = (
			);
			outputPaths = (
				"$(DERIVED_FILE_DIR)/Pods-Swap2Tests-checkManifestLockResult.txt",
			);
			runOnlyForDeploymentPostprocessing = 0;
			shellPath = /bin/sh;
			shellScript = "diff \"${PODS_PODFILE_DIR_PATH}/Podfile.lock\" \"${PODS_ROOT}/Manifest.lock\" > /dev/null\nif [ $? != 0 ] ; then\n    # print error to STDERR\n    echo \"error: The sandbox is not in sync with the Podfile.lock. Run 'pod install' or update your CocoaPods installation.\" >&2\n    exit 1\nfi\n# This output is used by Xcode 'outputs' to avoid re-running this script phase.\necho \"SUCCESS\" > \"${SCRIPT_OUTPUT_FILE_0}\"\n";
			showEnvVarsInLog = 0;
		};
/* End PBXShellScriptBuildPhase section */

/* Begin PBXSourcesBuildPhase section */
		F7300A042537953B00E02B82 /* Sources */ = {
			isa = PBXSourcesBuildPhase;
			buildActionMask = 2147483647;
			files = (
				0E27FAD2255109F40044CC1D /* AddContact.swift in Sources */,
				F77048F32537FE8C00EF3869 /* homePageViewController.swift in Sources */,
				725E2CBB25649CCA0057AD02 /* Github.swift in Sources */,
				F7300A662537B0C800E02B82 /* Utilities.swift in Sources */,
				F7300A5E25379CC700E02B82 /* FirstViewController.swift in Sources */,
				0E82ECDB254CA6EB002844DB /* ActiveSocialsTableViewCell.swift in Sources */,
				F7300A0C2537953B00E02B82 /* AppDelegate.swift in Sources */,
				7245A8312545055800E532BE /* AccountTableViewCell.swift in Sources */,
				F7300A0E2537953B00E02B82 /* SceneDelegate.swift in Sources */,
				F7889065256A2D0300E5C349 /* Spotify.swift in Sources */,
				72126212255F062A00036E51 /* DeleteAccount.swift in Sources */,
				F77230812562447600140B93 /* ProfileViewController.swift in Sources */,
				F7300A5425379BA300E02B82 /* LogInViewController.swift in Sources */,
				F7914F5D2550929800F27514 /* GlobalVariables.swift in Sources */,
				72B2B1C22558929700D69A4D /* UserTableViewCell.swift in Sources */,
				0E4AAED42549247E00A47DBB /* GetRequest.swift in Sources */,
				0E4AAED22549138700A47DBB /* GenerateQRCode.swift in Sources */,
				72C477C5253BCA19004EF8EA /* AccountViewController.swift in Sources */,
				F7300A4F2537970100E02B82 /* SignUpViewController.swift in Sources */,
				72C477BA253BB598004EF8EA /* ScanViewController.swift in Sources */,
				F7DA97B025513C2F00C9A711 /* OnBoardingViewController.swift in Sources */,
			);
			runOnlyForDeploymentPostprocessing = 0;
		};
		F7300A1A2537953E00E02B82 /* Sources */ = {
			isa = PBXSourcesBuildPhase;
			buildActionMask = 2147483647;
			files = (
				F7300A232537953E00E02B82 /* Swap2Tests.swift in Sources */,
			);
			runOnlyForDeploymentPostprocessing = 0;
		};
		F7300A252537953E00E02B82 /* Sources */ = {
			isa = PBXSourcesBuildPhase;
			buildActionMask = 2147483647;
			files = (
				F7300A2E2537953E00E02B82 /* Swap2UITests.swift in Sources */,
			);
			runOnlyForDeploymentPostprocessing = 0;
		};
/* End PBXSourcesBuildPhase section */

/* Begin PBXTargetDependency section */
		F7300A202537953E00E02B82 /* PBXTargetDependency */ = {
			isa = PBXTargetDependency;
			target = F7300A072537953B00E02B82 /* Swap2 */;
			targetProxy = F7300A1F2537953E00E02B82 /* PBXContainerItemProxy */;
		};
		F7300A2B2537953E00E02B82 /* PBXTargetDependency */ = {
			isa = PBXTargetDependency;
			target = F7300A072537953B00E02B82 /* Swap2 */;
			targetProxy = F7300A2A2537953E00E02B82 /* PBXContainerItemProxy */;
		};
/* End PBXTargetDependency section */

/* Begin PBXVariantGroup section */
		F7300A112537953B00E02B82 /* Main.storyboard */ = {
			isa = PBXVariantGroup;
			children = (
				F7300A122537953B00E02B82 /* Base */,
			);
			name = Main.storyboard;
			sourceTree = "<group>";
		};
		F7300A162537953D00E02B82 /* LaunchScreen.storyboard */ = {
			isa = PBXVariantGroup;
			children = (
				F7300A172537953D00E02B82 /* Base */,
			);
			name = LaunchScreen.storyboard;
			sourceTree = "<group>";
		};
/* End PBXVariantGroup section */

/* Begin XCBuildConfiguration section */
		F7300A302537953E00E02B82 /* Debug */ = {
			isa = XCBuildConfiguration;
			buildSettings = {
				ALWAYS_SEARCH_USER_PATHS = NO;
				CLANG_ANALYZER_NONNULL = YES;
				CLANG_ANALYZER_NUMBER_OBJECT_CONVERSION = YES_AGGRESSIVE;
				CLANG_CXX_LANGUAGE_STANDARD = "gnu++14";
				CLANG_CXX_LIBRARY = "libc++";
				CLANG_ENABLE_MODULES = YES;
				CLANG_ENABLE_OBJC_ARC = YES;
				CLANG_ENABLE_OBJC_WEAK = YES;
				CLANG_WARN_BLOCK_CAPTURE_AUTORELEASING = YES;
				CLANG_WARN_BOOL_CONVERSION = YES;
				CLANG_WARN_COMMA = YES;
				CLANG_WARN_CONSTANT_CONVERSION = YES;
				CLANG_WARN_DEPRECATED_OBJC_IMPLEMENTATIONS = YES;
				CLANG_WARN_DIRECT_OBJC_ISA_USAGE = YES_ERROR;
				CLANG_WARN_DOCUMENTATION_COMMENTS = YES;
				CLANG_WARN_EMPTY_BODY = YES;
				CLANG_WARN_ENUM_CONVERSION = YES;
				CLANG_WARN_INFINITE_RECURSION = YES;
				CLANG_WARN_INT_CONVERSION = YES;
				CLANG_WARN_NON_LITERAL_NULL_CONVERSION = YES;
				CLANG_WARN_OBJC_IMPLICIT_RETAIN_SELF = YES;
				CLANG_WARN_OBJC_LITERAL_CONVERSION = YES;
				CLANG_WARN_OBJC_ROOT_CLASS = YES_ERROR;
				CLANG_WARN_QUOTED_INCLUDE_IN_FRAMEWORK_HEADER = YES;
				CLANG_WARN_RANGE_LOOP_ANALYSIS = YES;
				CLANG_WARN_STRICT_PROTOTYPES = YES;
				CLANG_WARN_SUSPICIOUS_MOVE = YES;
				CLANG_WARN_UNGUARDED_AVAILABILITY = YES_AGGRESSIVE;
				CLANG_WARN_UNREACHABLE_CODE = YES;
				CLANG_WARN__DUPLICATE_METHOD_MATCH = YES;
				COPY_PHASE_STRIP = NO;
				DEBUG_INFORMATION_FORMAT = dwarf;
				ENABLE_STRICT_OBJC_MSGSEND = YES;
				ENABLE_TESTABILITY = YES;
				GCC_C_LANGUAGE_STANDARD = gnu11;
				GCC_DYNAMIC_NO_PIC = NO;
				GCC_NO_COMMON_BLOCKS = NO;
				GCC_OPTIMIZATION_LEVEL = 0;
				GCC_PREPROCESSOR_DEFINITIONS = (
					"DEBUG=1",
					"$(inherited)",
				);
				GCC_WARN_64_TO_32_BIT_CONVERSION = YES;
				GCC_WARN_ABOUT_RETURN_TYPE = YES_ERROR;
				GCC_WARN_UNDECLARED_SELECTOR = YES;
				GCC_WARN_UNINITIALIZED_AUTOS = YES_AGGRESSIVE;
				GCC_WARN_UNUSED_FUNCTION = YES;
				GCC_WARN_UNUSED_VARIABLE = YES;
				IPHONEOS_DEPLOYMENT_TARGET = 14.0;
				MTL_ENABLE_DEBUG_INFO = INCLUDE_SOURCE;
				MTL_FAST_MATH = YES;
				ONLY_ACTIVE_ARCH = YES;
				SDKROOT = iphoneos;
				SWIFT_ACTIVE_COMPILATION_CONDITIONS = DEBUG;
				SWIFT_OPTIMIZATION_LEVEL = "-Onone";
			};
			name = Debug;
		};
		F7300A312537953E00E02B82 /* Release */ = {
			isa = XCBuildConfiguration;
			buildSettings = {
				ALWAYS_SEARCH_USER_PATHS = NO;
				CLANG_ANALYZER_NONNULL = YES;
				CLANG_ANALYZER_NUMBER_OBJECT_CONVERSION = YES_AGGRESSIVE;
				CLANG_CXX_LANGUAGE_STANDARD = "gnu++14";
				CLANG_CXX_LIBRARY = "libc++";
				CLANG_ENABLE_MODULES = YES;
				CLANG_ENABLE_OBJC_ARC = YES;
				CLANG_ENABLE_OBJC_WEAK = YES;
				CLANG_WARN_BLOCK_CAPTURE_AUTORELEASING = YES;
				CLANG_WARN_BOOL_CONVERSION = YES;
				CLANG_WARN_COMMA = YES;
				CLANG_WARN_CONSTANT_CONVERSION = YES;
				CLANG_WARN_DEPRECATED_OBJC_IMPLEMENTATIONS = YES;
				CLANG_WARN_DIRECT_OBJC_ISA_USAGE = YES_ERROR;
				CLANG_WARN_DOCUMENTATION_COMMENTS = YES;
				CLANG_WARN_EMPTY_BODY = YES;
				CLANG_WARN_ENUM_CONVERSION = YES;
				CLANG_WARN_INFINITE_RECURSION = YES;
				CLANG_WARN_INT_CONVERSION = YES;
				CLANG_WARN_NON_LITERAL_NULL_CONVERSION = YES;
				CLANG_WARN_OBJC_IMPLICIT_RETAIN_SELF = YES;
				CLANG_WARN_OBJC_LITERAL_CONVERSION = YES;
				CLANG_WARN_OBJC_ROOT_CLASS = YES_ERROR;
				CLANG_WARN_QUOTED_INCLUDE_IN_FRAMEWORK_HEADER = YES;
				CLANG_WARN_RANGE_LOOP_ANALYSIS = YES;
				CLANG_WARN_STRICT_PROTOTYPES = YES;
				CLANG_WARN_SUSPICIOUS_MOVE = YES;
				CLANG_WARN_UNGUARDED_AVAILABILITY = YES_AGGRESSIVE;
				CLANG_WARN_UNREACHABLE_CODE = YES;
				CLANG_WARN__DUPLICATE_METHOD_MATCH = YES;
				COPY_PHASE_STRIP = NO;
				DEBUG_INFORMATION_FORMAT = "dwarf-with-dsym";
				ENABLE_NS_ASSERTIONS = NO;
				ENABLE_STRICT_OBJC_MSGSEND = YES;
				GCC_C_LANGUAGE_STANDARD = gnu11;
				GCC_NO_COMMON_BLOCKS = NO;
				GCC_WARN_64_TO_32_BIT_CONVERSION = YES;
				GCC_WARN_ABOUT_RETURN_TYPE = YES_ERROR;
				GCC_WARN_UNDECLARED_SELECTOR = YES;
				GCC_WARN_UNINITIALIZED_AUTOS = YES_AGGRESSIVE;
				GCC_WARN_UNUSED_FUNCTION = YES;
				GCC_WARN_UNUSED_VARIABLE = YES;
				IPHONEOS_DEPLOYMENT_TARGET = 14.0;
				MTL_ENABLE_DEBUG_INFO = NO;
				MTL_FAST_MATH = YES;
				SDKROOT = iphoneos;
				SWIFT_COMPILATION_MODE = wholemodule;
				SWIFT_OPTIMIZATION_LEVEL = "-O";
				VALIDATE_PRODUCT = YES;
			};
			name = Release;
		};
		F7300A332537953E00E02B82 /* Debug */ = {
			isa = XCBuildConfiguration;
			baseConfigurationReference = FA53A7381D430C01F941707A /* Pods-Swap2.debug.xcconfig */;
			buildSettings = {
				ASSETCATALOG_COMPILER_APPICON_NAME = AppIcon;
				ASSETCATALOG_COMPILER_GLOBAL_ACCENT_COLOR_NAME = AccentColor;
				CODE_SIGN_IDENTITY = "Apple Development";
				CODE_SIGN_STYLE = Automatic;
				DEVELOPMENT_TEAM = P35W8WZ8D7;
				INFOPLIST_FILE = Swap2/Info.plist;
				IPHONEOS_DEPLOYMENT_TARGET = 13.6;
				LD_RUNPATH_SEARCH_PATHS = (
					"$(inherited)",
					"@executable_path/Frameworks",
				);
				PRODUCT_BUNDLE_IDENTIFIER = JustinStares1.Swap2;
				PRODUCT_NAME = "$(TARGET_NAME)";
				PROVISIONING_PROFILE_SPECIFIER = "";
				SWIFT_VERSION = 5.0;
				TARGETED_DEVICE_FAMILY = "1,2";
			};
			name = Debug;
		};
		F7300A342537953E00E02B82 /* Release */ = {
			isa = XCBuildConfiguration;
			baseConfigurationReference = 86343666D12D2E2639DC5A00 /* Pods-Swap2.release.xcconfig */;
			buildSettings = {
				ASSETCATALOG_COMPILER_APPICON_NAME = AppIcon;
				ASSETCATALOG_COMPILER_GLOBAL_ACCENT_COLOR_NAME = AccentColor;
				CODE_SIGN_IDENTITY = "Apple Development";
				CODE_SIGN_STYLE = Automatic;
				DEVELOPMENT_TEAM = P35W8WZ8D7;
				INFOPLIST_FILE = Swap2/Info.plist;
				IPHONEOS_DEPLOYMENT_TARGET = 13.6;
				LD_RUNPATH_SEARCH_PATHS = (
					"$(inherited)",
					"@executable_path/Frameworks",
				);
				PRODUCT_BUNDLE_IDENTIFIER = JustinStares1.Swap2;
				PRODUCT_NAME = "$(TARGET_NAME)";
				PROVISIONING_PROFILE_SPECIFIER = "";
				SWIFT_VERSION = 5.0;
				TARGETED_DEVICE_FAMILY = "1,2";
			};
			name = Release;
		};
		F7300A362537953E00E02B82 /* Debug */ = {
			isa = XCBuildConfiguration;
			baseConfigurationReference = 45630617EB8A4E30A966190A /* Pods-Swap2Tests.debug.xcconfig */;
			buildSettings = {
				ALWAYS_EMBED_SWIFT_STANDARD_LIBRARIES = YES;
				BUNDLE_LOADER = "$(TEST_HOST)";
				CODE_SIGN_STYLE = Automatic;
				INFOPLIST_FILE = Swap2Tests/Info.plist;
				IPHONEOS_DEPLOYMENT_TARGET = 14.0;
				LD_RUNPATH_SEARCH_PATHS = (
					"$(inherited)",
					"@executable_path/Frameworks",
					"@loader_path/Frameworks",
				);
				PRODUCT_BUNDLE_IDENTIFIER = JS.Swap2Tests;
				PRODUCT_NAME = "$(TARGET_NAME)";
				SWIFT_VERSION = 5.0;
				TARGETED_DEVICE_FAMILY = "1,2";
				TEST_HOST = "$(BUILT_PRODUCTS_DIR)/Swap2.app/Swap2";
			};
			name = Debug;
		};
		F7300A372537953E00E02B82 /* Release */ = {
			isa = XCBuildConfiguration;
			baseConfigurationReference = 013495A5249833B85CB34752 /* Pods-Swap2Tests.release.xcconfig */;
			buildSettings = {
				ALWAYS_EMBED_SWIFT_STANDARD_LIBRARIES = YES;
				BUNDLE_LOADER = "$(TEST_HOST)";
				CODE_SIGN_STYLE = Automatic;
				INFOPLIST_FILE = Swap2Tests/Info.plist;
				IPHONEOS_DEPLOYMENT_TARGET = 14.0;
				LD_RUNPATH_SEARCH_PATHS = (
					"$(inherited)",
					"@executable_path/Frameworks",
					"@loader_path/Frameworks",
				);
				PRODUCT_BUNDLE_IDENTIFIER = JS.Swap2Tests;
				PRODUCT_NAME = "$(TARGET_NAME)";
				SWIFT_VERSION = 5.0;
				TARGETED_DEVICE_FAMILY = "1,2";
				TEST_HOST = "$(BUILT_PRODUCTS_DIR)/Swap2.app/Swap2";
			};
			name = Release;
		};
		F7300A392537953E00E02B82 /* Debug */ = {
			isa = XCBuildConfiguration;
			baseConfigurationReference = 1C00C5660C4785CBFBE869F4 /* Pods-Swap2-Swap2UITests.debug.xcconfig */;
			buildSettings = {
				ALWAYS_EMBED_SWIFT_STANDARD_LIBRARIES = YES;
				CODE_SIGN_STYLE = Automatic;
				INFOPLIST_FILE = Swap2UITests/Info.plist;
				LD_RUNPATH_SEARCH_PATHS = (
					"$(inherited)",
					"@executable_path/Frameworks",
					"@loader_path/Frameworks",
				);
				PRODUCT_BUNDLE_IDENTIFIER = JS.Swap2UITests;
				PRODUCT_NAME = "$(TARGET_NAME)";
				SWIFT_VERSION = 5.0;
				TARGETED_DEVICE_FAMILY = "1,2";
				TEST_TARGET_NAME = Swap2;
			};
			name = Debug;
		};
		F7300A3A2537953E00E02B82 /* Release */ = {
			isa = XCBuildConfiguration;
			baseConfigurationReference = DFE48CBC5A65AE25A209EA5F /* Pods-Swap2-Swap2UITests.release.xcconfig */;
			buildSettings = {
				ALWAYS_EMBED_SWIFT_STANDARD_LIBRARIES = YES;
				CODE_SIGN_STYLE = Automatic;
				INFOPLIST_FILE = Swap2UITests/Info.plist;
				LD_RUNPATH_SEARCH_PATHS = (
					"$(inherited)",
					"@executable_path/Frameworks",
					"@loader_path/Frameworks",
				);
				PRODUCT_BUNDLE_IDENTIFIER = JS.Swap2UITests;
				PRODUCT_NAME = "$(TARGET_NAME)";
				SWIFT_VERSION = 5.0;
				TARGETED_DEVICE_FAMILY = "1,2";
				TEST_TARGET_NAME = Swap2;
			};
			name = Release;
		};
/* End XCBuildConfiguration section */

/* Begin XCConfigurationList section */
		F7300A032537953B00E02B82 /* Build configuration list for PBXProject "Swap2" */ = {
			isa = XCConfigurationList;
			buildConfigurations = (
				F7300A302537953E00E02B82 /* Debug */,
				F7300A312537953E00E02B82 /* Release */,
			);
			defaultConfigurationIsVisible = 0;
			defaultConfigurationName = Release;
		};
		F7300A322537953E00E02B82 /* Build configuration list for PBXNativeTarget "Swap2" */ = {
			isa = XCConfigurationList;
			buildConfigurations = (
				F7300A332537953E00E02B82 /* Debug */,
				F7300A342537953E00E02B82 /* Release */,
			);
			defaultConfigurationIsVisible = 0;
			defaultConfigurationName = Release;
		};
		F7300A352537953E00E02B82 /* Build configuration list for PBXNativeTarget "Swap2Tests" */ = {
			isa = XCConfigurationList;
			buildConfigurations = (
				F7300A362537953E00E02B82 /* Debug */,
				F7300A372537953E00E02B82 /* Release */,
			);
			defaultConfigurationIsVisible = 0;
			defaultConfigurationName = Release;
		};
		F7300A382537953E00E02B82 /* Build configuration list for PBXNativeTarget "Swap2UITests" */ = {
			isa = XCConfigurationList;
			buildConfigurations = (
				F7300A392537953E00E02B82 /* Debug */,
				F7300A3A2537953E00E02B82 /* Release */,
			);
			defaultConfigurationIsVisible = 0;
			defaultConfigurationName = Release;
		};
/* End XCConfigurationList section */

/* Begin XCRemoteSwiftPackageReference section */
		F788909A256B0EB300E5C349 /* XCRemoteSwiftPackageReference "PhoneNumberKit" */ = {
			isa = XCRemoteSwiftPackageReference;
			repositoryURL = "https://github.com/marmelroy/PhoneNumberKit.git";
			requirement = {
				kind = upToNextMajorVersion;
				minimumVersion = 3.3.0;
			};
		};
/* End XCRemoteSwiftPackageReference section */

/* Begin XCSwiftPackageProductDependency section */
		F788909B256B0EB300E5C349 /* PhoneNumberKit */ = {
			isa = XCSwiftPackageProductDependency;
			package = F788909A256B0EB300E5C349 /* XCRemoteSwiftPackageReference "PhoneNumberKit" */;
			productName = PhoneNumberKit;
		};
/* End XCSwiftPackageProductDependency section */
	};
	rootObject = F7300A002537953B00E02B82 /* Project object */;
}
